
Microsoft Visual Studio Solution File, Format Version 12.00
# Visual Studio Version 17
VisualStudioVersion = 17.2.32630.192
MinimumVisualStudioVersion = 10.0.40219.1
Project("{FAE04EC0-301F-11D3-BF4B-00C04F79EFBC}") = "R5T.F0003.Construction", "R5T.F0003.Construction\R5T.F0003.Construction.csproj", "{744749E9-B544-46B7-9BA4-42AB9EEA373A}"
EndProject
Project("{FAE04EC0-301F-11D3-BF4B-00C04F79EFBC}") = "R5T.F0003", "R5T.F0003\R5T.F0003.csproj", "{20448983-A9D5-466D-94AA-3C0B09F8809E}"
EndProject
Project("{2150E333-8FDC-42A3-9474-1A3956D46DE8}") = "_Dependencies", "_Dependencies", "{71739C2A-3033-4FB4-AF42-844B1F65A23F}"
EndProject
Project("{9A19103F-16F7-4668-BE54-9A1E7A4F7556}") = "R5T.L0011", "..\..\R5T.L0011\source\R5T.L0011\R5T.L0011.csproj", "{1C40D612-9DF8-46B0-8D4E-4F073F03E48E}"
EndProject
Project("{9A19103F-16F7-4668-BE54-9A1E7A4F7556}") = "R5T.Magyar", "..\..\R5T.Magyar\source\R5T.Magyar\R5T.Magyar.csproj", "{40403F20-9E8D-42C3-A426-73166B243EA0}"
EndProject
Project("{9A19103F-16F7-4668-BE54-9A1E7A4F7556}") = "R5T.T0132", "..\..\R5T.T0132\source\R5T.T0132\R5T.T0132.csproj", "{129DB4A6-7162-47EA-B7C6-1A2CE57E3EC6}"
EndProject
Project("{9A19103F-16F7-4668-BE54-9A1E7A4F7556}") = "R5T.T0143", "..\..\R5T.T0143\source\R5T.T0143\R5T.T0143.csproj", "{4B493E49-4B03-4449-9C7B-6EA8C4D50CE7}"
EndProject
Global
	GlobalSection(NestedProjects) = preSolution
		{1C40D612-9DF8-46B0-8D4E-4F073F03E48E} = {71739C2A-3033-4FB4-AF42-844B1F65A23F}
		{40403F20-9E8D-42C3-A426-73166B243EA0} = {71739C2A-3033-4FB4-AF42-844B1F65A23F}
		{129DB4A6-7162-47EA-B7C6-1A2CE57E3EC6} = {71739C2A-3033-4FB4-AF42-844B1F65A23F}
		{4B493E49-4B03-4449-9C7B-6EA8C4D50CE7} = {71739C2A-3033-4FB4-AF42-844B1F65A23F}
	EndGlobalSection
	GlobalSection(SolutionConfigurationPlatforms) = preSolution
		Debug|Any CPU = Debug|Any CPU
		Debug|x64 = Debug|x64
		Debug|x86 = Debug|x86
		Release|Any CPU = Release|Any CPU
		Release|x64 = Release|x64
		Release|x86 = Release|x86
	EndGlobalSection
	GlobalSection(ProjectConfigurationPlatforms) = postSolution
		{744749E9-B544-46B7-9BA4-42AB9EEA373A}.Debug|Any CPU.ActiveCfg = Debug|Any CPU
		{744749E9-B544-46B7-9BA4-42AB9EEA373A}.Debug|Any CPU.Build.0 = Debug|Any CPU
		{744749E9-B544-46B7-9BA4-42AB9EEA373A}.Debug|x64.ActiveCfg = Debug|Any CPU
		{744749E9-B544-46B7-9BA4-42AB9EEA373A}.Debug|x64.Build.0 = Debug|Any CPU
		{744749E9-B544-46B7-9BA4-42AB9EEA373A}.Debug|x86.ActiveCfg = Debug|Any CPU
		{744749E9-B544-46B7-9BA4-42AB9EEA373A}.Debug|x86.Build.0 = Debug|Any CPU
		{744749E9-B544-46B7-9BA4-42AB9EEA373A}.Release|Any CPU.ActiveCfg = Release|Any CPU
		{744749E9-B544-46B7-9BA4-42AB9EEA373A}.Release|Any CPU.Build.0 = Release|Any CPU
		{744749E9-B544-46B7-9BA4-42AB9EEA373A}.Release|x64.ActiveCfg = Release|Any CPU
		{744749E9-B544-46B7-9BA4-42AB9EEA373A}.Release|x64.Build.0 = Release|Any CPU
		{744749E9-B544-46B7-9BA4-42AB9EEA373A}.Release|x86.ActiveCfg = Release|Any CPU
		{744749E9-B544-46B7-9BA4-42AB9EEA373A}.Release|x86.Build.0 = Release|Any CPU
		{20448983-A9D5-466D-94AA-3C0B09F8809E}.Debug|Any CPU.ActiveCfg = Debug|Any CPU
		{20448983-A9D5-466D-94AA-3C0B09F8809E}.Debug|Any CPU.Build.0 = Debug|Any CPU
		{20448983-A9D5-466D-94AA-3C0B09F8809E}.Debug|x64.ActiveCfg = Debug|Any CPU
		{20448983-A9D5-466D-94AA-3C0B09F8809E}.Debug|x64.Build.0 = Debug|Any CPU
		{20448983-A9D5-466D-94AA-3C0B09F8809E}.Debug|x86.ActiveCfg = Debug|Any CPU
		{20448983-A9D5-466D-94AA-3C0B09F8809E}.Debug|x86.Build.0 = Debug|Any CPU
		{20448983-A9D5-466D-94AA-3C0B09F8809E}.Release|Any CPU.ActiveCfg = Release|Any CPU
		{20448983-A9D5-466D-94AA-3C0B09F8809E}.Release|Any CPU.Build.0 = Release|Any CPU
		{20448983-A9D5-466D-94AA-3C0B09F8809E}.Release|x64.ActiveCfg = Release|Any CPU
		{20448983-A9D5-466D-94AA-3C0B09F8809E}.Release|x64.Build.0 = Release|Any CPU
		{20448983-A9D5-466D-94AA-3C0B09F8809E}.Release|x86.ActiveCfg = Release|Any CPU
		{20448983-A9D5-466D-94AA-3C0B09F8809E}.Release|x86.Build.0 = Release|Any CPU
		{1C40D612-9DF8-46B0-8D4E-4F073F03E48E}.Debug|Any CPU.ActiveCfg = Debug|Any CPU
		{1C40D612-9DF8-46B0-8D4E-4F073F03E48E}.Debug|Any CPU.Build.0 = Debug|Any CPU
		{1C40D612-9DF8-46B0-8D4E-4F073F03E48E}.Debug|x64.ActiveCfg = Debug|Any CPU
		{1C40D612-9DF8-46B0-8D4E-4F073F03E48E}.Debug|x64.Build.0 = Debug|Any CPU
		{1C40D612-9DF8-46B0-8D4E-4F073F03E48E}.Debug|x86.ActiveCfg = Debug|Any CPU
		{1C40D612-9DF8-46B0-8D4E-4F073F03E48E}.Debug|x86.Build.0 = Debug|Any CPU
		{1C40D612-9DF8-46B0-8D4E-4F073F03E48E}.Release|Any CPU.ActiveCfg = Release|Any CPU
		{1C40D612-9DF8-46B0-8D4E-4F073F03E48E}.Release|Any CPU.Build.0 = Release|Any CPU
		{1C40D612-9DF8-46B0-8D4E-4F073F03E48E}.Release|x64.ActiveCfg = Release|Any CPU
		{1C40D612-9DF8-46B0-8D4E-4F073F03E48E}.Release|x64.Build.0 = Release|Any CPU
		{1C40D612-9DF8-46B0-8D4E-4F073F03E48E}.Release|x86.ActiveCfg = Release|Any CPU
		{1C40D612-9DF8-46B0-8D4E-4F073F03E48E}.Release|x86.Build.0 = Release|Any CPU
		{40403F20-9E8D-42C3-A426-73166B243EA0}.Debug|Any CPU.ActiveCfg = Debug|Any CPU
		{40403F20-9E8D-42C3-A426-73166B243EA0}.Debug|Any CPU.Build.0 = Debug|Any CPU
		{40403F20-9E8D-42C3-A426-73166B243EA0}.Debug|x64.ActiveCfg = Debug|Any CPU
		{40403F20-9E8D-42C3-A426-73166B243EA0}.Debug|x64.Build.0 = Debug|Any CPU
		{40403F20-9E8D-42C3-A426-73166B243EA0}.Debug|x86.ActiveCfg = Debug|Any CPU
		{40403F20-9E8D-42C3-A426-73166B243EA0}.Debug|x86.Build.0 = Debug|Any CPU
		{40403F20-9E8D-42C3-A426-73166B243EA0}.Release|Any CPU.ActiveCfg = Release|Any CPU
		{40403F20-9E8D-42C3-A426-73166B243EA0}.Release|Any CPU.Build.0 = Release|Any CPU
		{40403F20-9E8D-42C3-A426-73166B243EA0}.Release|x64.ActiveCfg = Release|Any CPU
		{40403F20-9E8D-42C3-A426-73166B243EA0}.Release|x64.Build.0 = Release|Any CPU
		{40403F20-9E8D-42C3-A426-73166B243EA0}.Release|x86.ActiveCfg = Release|Any CPU
		{40403F20-9E8D-42C3-A426-73166B243EA0}.Release|x86.Build.0 = Release|Any CPU
		{129DB4A6-7162-47EA-B7C6-1A2CE57E3EC6}.Debug|Any CPU.ActiveCfg = Debug|Any CPU
		{129DB4A6-7162-47EA-B7C6-1A2CE57E3EC6}.Debug|Any CPU.Build.0 = Debug|Any CPU
		{129DB4A6-7162-47EA-B7C6-1A2CE57E3EC6}.Debug|x64.ActiveCfg = Debug|Any CPU
		{129DB4A6-7162-47EA-B7C6-1A2CE57E3EC6}.Debug|x64.Build.0 = Debug|Any CPU
		{129DB4A6-7162-47EA-B7C6-1A2CE57E3EC6}.Debug|x86.ActiveCfg = Debug|Any CPU
		{129DB4A6-7162-47EA-B7C6-1A2CE57E3EC6}.Debug|x86.Build.0 = Debug|Any CPU
		{129DB4A6-7162-47EA-B7C6-1A2CE57E3EC6}.Release|Any CPU.ActiveCfg = Release|Any CPU
		{129DB4A6-7162-47EA-B7C6-1A2CE57E3EC6}.Release|Any CPU.Build.0 = Release|Any CPU
		{129DB4A6-7162-47EA-B7C6-1A2CE57E3EC6}.Release|x64.ActiveCfg = Release|Any CPU
		{129DB4A6-7162-47EA-B7C6-1A2CE57E3EC6}.Release|x64.Build.0 = Release|Any CPU
		{129DB4A6-7162-47EA-B7C6-1A2CE57E3EC6}.Release|x86.ActiveCfg = Release|Any CPU
		{129DB4A6-7162-47EA-B7C6-1A2CE57E3EC6}.Release|x86.Build.0 = Release|Any CPU
		{4B493E49-4B03-4449-9C7B-6EA8C4D50CE7}.Debug|Any CPU.ActiveCfg = Debug|Any CPU
		{4B493E49-4B03-4449-9C7B-6EA8C4D50CE7}.Debug|Any CPU.Build.0 = Debug|Any CPU
		{4B493E49-4B03-4449-9C7B-6EA8C4D50CE7}.Debug|x64.ActiveCfg = Debug|Any CPU
		{4B493E49-4B03-4449-9C7B-6EA8C4D50CE7}.Debug|x64.Build.0 = Debug|Any CPU
		{4B493E49-4B03-4449-9C7B-6EA8C4D50CE7}.Debug|x86.ActiveCfg = Debug|Any CPU
		{4B493E49-4B03-4449-9C7B-6EA8C4D50CE7}.Debug|x86.Build.0 = Debug|Any CPU
		{4B493E49-4B03-4449-9C7B-6EA8C4D50CE7}.Release|Any CPU.ActiveCfg = Release|Any CPU
		{4B493E49-4B03-4449-9C7B-6EA8C4D50CE7}.Release|Any CPU.Build.0 = Release|Any CPU
		{4B493E49-4B03-4449-9C7B-6EA8C4D50CE7}.Release|x64.ActiveCfg = Release|Any CPU
		{4B493E49-4B03-4449-9C7B-6EA8C4D50CE7}.Release|x64.Build.0 = Release|Any CPU
		{4B493E49-4B03-4449-9C7B-6EA8C4D50CE7}.Release|x86.ActiveCfg = Release|Any CPU
		{4B493E49-4B03-4449-9C7B-6EA8C4D50CE7}.Release|x86.Build.0 = Release|Any CPU
	EndGlobalSection
	GlobalSection(SolutionProperties) = preSolution
		HideSolutionNode = FALSE
	EndGlobalSection
EndGlobal
